dependencies:
  esp-nimble-cpp:
    dependencies: []
    source:
      path: /Users/jake/Meshtastic/firmware-ota-idf/components/esp-nimble-cpp
      type: local
    version: 2.3.3
  idf:
    source:
      type: idf
    version: 5.5.0
direct_dependencies:
- h2zero/esp-nimble-cpp
- idf
manifest_hash: 49bcf3f038ae2d564f27273c77b2ffbd40c30ac898ad00cd63f310a6890861a5
target: esp32
version: 2.0.0
