dependencies:
  esp-nimble-cpp:
    dependencies: []
    source:
      path: /Users/jake/Meshtastic/firmware-ota-idf/components/esp-nimble-cpp
      type: local
    version: 2.3.3
  idf:
    source:
      type: idf
    version: 5.4.1
direct_dependencies:
- h2zero/esp-nimble-cpp
- idf
manifest_hash: 0c0297b0fb4486bdb635c0b93386951c14486774208f741880dce4931d2c89cc
target: esp32s3
version: 2.0.0
